
Microsoft Visual Studio Solution File, Format Version 12.00
# Visual Studio Version 17
VisualStudioVersion = 17.3.32825.248
MinimumVisualStudioVersion = 10.0.40219.1
Project("{2150E333-8FDC-42A3-9474-1A3956D46DE8}") = "Services", "Services", "{1C4B3691-2F50-427F-8B6E-DE1013732B3D}"
EndProject
Project("{2150E333-8FDC-42A3-9474-1A3956D46DE8}") = "Catalog", "Catalog", "{CEF43364-CA13-4D5D-821F-6822781F9DD7}"
EndProject
Project("{E53339B2-1760-4266-BCC7-CA923CBCF16C}") = "docker-compose", "docker-compose.dcproj", "{A92F8E70-3EAC-420E-977D-946E2F944605}"
EndProject
Project("{2150E333-8FDC-42A3-9474-1A3956D46DE8}") = "Ordering", "Ordering", "{BC1B844A-C844-44F1-A5C8-9FD68509F8DE}"
EndProject
Project("{9A19103F-16F7-4668-BE54-9A1E7A4F7556}") = "Catalog.Api", "Services\Catalog\Catalog.Api\Catalog.Api.csproj", "{2FAD95D3-7FD3-48AB-9400-24826190F762}"
EndProject
Project("{9A19103F-16F7-4668-BE54-9A1E7A4F7556}") = "Ordering.Api", "Services\Ordering\Ordering.Api\Ordering.Api.csproj", "{6C234AEE-3441-4612-8E97-585C7CA5F72F}"
EndProject
Project("{9A19103F-16F7-4668-BE54-9A1E7A4F7556}") = "Ordering.Application", "Services\Ordering\Ordering.Application\Ordering.Application.csproj", "{AAF80DED-EA11-43E0-9056-4294C7A16DFD}"
EndProject
Project("{9A19103F-16F7-4668-BE54-9A1E7A4F7556}") = "Ordering.Domain", "Services\Ordering\Ordering.Domain\Ordering.Domain.csproj", "{560E6746-ABF2-43FA-9497-04648344A6D0}"
EndProject
Project("{9A19103F-16F7-4668-BE54-9A1E7A4F7556}") = "Ordering.Infrastructure", "Services\Ordering\Ordering.Infrastructure\Ordering.Infrastructure.csproj", "{D63C8987-1F1F-404E-B284-A4F950927FE5}"
EndProject
Project("{2150E333-8FDC-42A3-9474-1A3956D46DE8}") = "Existance", "Existance", "{72F49A58-2E47-47A7-B272-61718054EE5C}"
EndProject
Project("{FAE04EC0-301F-11D3-BF4B-00C04F79EFBC}") = "Existance.Grpc", "Services\Existance\Existance.Grpc\Existance.Grpc.csproj", "{3159C4C1-A49E-4478-A2A2-C5401D13D2D7}"
EndProject
Project("{2150E333-8FDC-42A3-9474-1A3956D46DE8}") = "Basket", "Basket", "{E0A53A0B-33ED-4EA9-836D-D89B25C4704C}"
EndProject
Project("{FAE04EC0-301F-11D3-BF4B-00C04F79EFBC}") = "Basket.API", "Services\Basket\Basket.API\Basket.API.csproj", "{9EEE218E-C462-40B8-80ED-C9C58545BF17}"
EndProject
Global
	GlobalSection(SolutionConfigurationPlatforms) = preSolution
		Debug|Any CPU = Debug|Any CPU
		Release|Any CPU = Release|Any CPU
	EndGlobalSection
	GlobalSection(ProjectConfigurationPlatforms) = postSolution
		{A92F8E70-3EAC-420E-977D-946E2F944605}.Debug|Any CPU.ActiveCfg = Debug|Any CPU
		{A92F8E70-3EAC-420E-977D-946E2F944605}.Debug|Any CPU.Build.0 = Debug|Any CPU
		{A92F8E70-3EAC-420E-977D-946E2F944605}.Release|Any CPU.ActiveCfg = Release|Any CPU
		{A92F8E70-3EAC-420E-977D-946E2F944605}.Release|Any CPU.Build.0 = Release|Any CPU
		{2FAD95D3-7FD3-48AB-9400-24826190F762}.Debug|Any CPU.ActiveCfg = Debug|Any CPU
		{2FAD95D3-7FD3-48AB-9400-24826190F762}.Debug|Any CPU.Build.0 = Debug|Any CPU
		{2FAD95D3-7FD3-48AB-9400-24826190F762}.Release|Any CPU.ActiveCfg = Release|Any CPU
		{2FAD95D3-7FD3-48AB-9400-24826190F762}.Release|Any CPU.Build.0 = Release|Any CPU
		{6C234AEE-3441-4612-8E97-585C7CA5F72F}.Debug|Any CPU.ActiveCfg = Debug|Any CPU
		{6C234AEE-3441-4612-8E97-585C7CA5F72F}.Debug|Any CPU.Build.0 = Debug|Any CPU
		{6C234AEE-3441-4612-8E97-585C7CA5F72F}.Release|Any CPU.ActiveCfg = Release|Any CPU
		{6C234AEE-3441-4612-8E97-585C7CA5F72F}.Release|Any CPU.Build.0 = Release|Any CPU
		{AAF80DED-EA11-43E0-9056-4294C7A16DFD}.Debug|Any CPU.ActiveCfg = Debug|Any CPU
		{AAF80DED-EA11-43E0-9056-4294C7A16DFD}.Debug|Any CPU.Build.0 = Debug|Any CPU
		{AAF80DED-EA11-43E0-9056-4294C7A16DFD}.Release|Any CPU.ActiveCfg = Release|Any CPU
		{AAF80DED-EA11-43E0-9056-4294C7A16DFD}.Release|Any CPU.Build.0 = Release|Any CPU
		{560E6746-ABF2-43FA-9497-04648344A6D0}.Debug|Any CPU.ActiveCfg = Debug|Any CPU
		{560E6746-ABF2-43FA-9497-04648344A6D0}.Debug|Any CPU.Build.0 = Debug|Any CPU
		{560E6746-ABF2-43FA-9497-04648344A6D0}.Release|Any CPU.ActiveCfg = Release|Any CPU
		{560E6746-ABF2-43FA-9497-04648344A6D0}.Release|Any CPU.Build.0 = Release|Any CPU
		{D63C8987-1F1F-404E-B284-A4F950927FE5}.Debug|Any CPU.ActiveCfg = Debug|Any CPU
		{D63C8987-1F1F-404E-B284-A4F950927FE5}.Debug|Any CPU.Build.0 = Debug|Any CPU
		{D63C8987-1F1F-404E-B284-A4F950927FE5}.Release|Any CPU.ActiveCfg = Release|Any CPU
		{D63C8987-1F1F-404E-B284-A4F950927FE5}.Release|Any CPU.Build.0 = Release|Any CPU
		{3159C4C1-A49E-4478-A2A2-C5401D13D2D7}.Debug|Any CPU.ActiveCfg = Debug|Any CPU
		{3159C4C1-A49E-4478-A2A2-C5401D13D2D7}.Debug|Any CPU.Build.0 = Debug|Any CPU
		{3159C4C1-A49E-4478-A2A2-C5401D13D2D7}.Release|Any CPU.ActiveCfg = Release|Any CPU
		{3159C4C1-A49E-4478-A2A2-C5401D13D2D7}.Release|Any CPU.Build.0 = Release|Any CPU
		{9EEE218E-C462-40B8-80ED-C9C58545BF17}.Debug|Any CPU.ActiveCfg = Debug|Any CPU
		{9EEE218E-C462-40B8-80ED-C9C58545BF17}.Debug|Any CPU.Build.0 = Debug|Any CPU
		{9EEE218E-C462-40B8-80ED-C9C58545BF17}.Release|Any CPU.ActiveCfg = Release|Any CPU
		{9EEE218E-C462-40B8-80ED-C9C58545BF17}.Release|Any CPU.Build.0 = Release|Any CPU
	EndGlobalSection
	GlobalSection(SolutionProperties) = preSolution
		HideSolutionNode = FALSE
	EndGlobalSection
	GlobalSection(NestedProjects) = preSolution
		{CEF43364-CA13-4D5D-821F-6822781F9DD7} = {1C4B3691-2F50-427F-8B6E-DE1013732B3D}
		{BC1B844A-C844-44F1-A5C8-9FD68509F8DE} = {1C4B3691-2F50-427F-8B6E-DE1013732B3D}
		{2FAD95D3-7FD3-48AB-9400-24826190F762} = {CEF43364-CA13-4D5D-821F-6822781F9DD7}
		{6C234AEE-3441-4612-8E97-585C7CA5F72F} = {BC1B844A-C844-44F1-A5C8-9FD68509F8DE}
		{AAF80DED-EA11-43E0-9056-4294C7A16DFD} = {BC1B844A-C844-44F1-A5C8-9FD68509F8DE}
		{560E6746-ABF2-43FA-9497-04648344A6D0} = {BC1B844A-C844-44F1-A5C8-9FD68509F8DE}
		{D63C8987-1F1F-404E-B284-A4F950927FE5} = {BC1B844A-C844-44F1-A5C8-9FD68509F8DE}
		{72F49A58-2E47-47A7-B272-61718054EE5C} = {1C4B3691-2F50-427F-8B6E-DE1013732B3D}
		{3159C4C1-A49E-4478-A2A2-C5401D13D2D7} = {72F49A58-2E47-47A7-B272-61718054EE5C}
		{E0A53A0B-33ED-4EA9-836D-D89B25C4704C} = {1C4B3691-2F50-427F-8B6E-DE1013732B3D}
		{9EEE218E-C462-40B8-80ED-C9C58545BF17} = {E0A53A0B-33ED-4EA9-836D-D89B25C4704C}
	EndGlobalSection
	GlobalSection(ExtensibilityGlobals) = postSolution
		SolutionGuid = {C5936A0E-C975-4377-ABD8-EE8A8A72E661}
	EndGlobalSection
EndGlobal
